// !$*UTF8*$!
{ archiveVersion = 1; classes = {}; objectVersion = 56; objects = {
AF622B35D9937A20CCADF1E3 = {isa = PBXFileReference; lastKnownFileType = sourcecode.swift; path = RuntimeWorkflowTests.swift; sourceTree = "<group>";};
4DE34CA1664FE1E9B3B03257 = {isa = PBXBuildFile; fileRef = AF622B35D9937A20CCADF1E3;};
7508EF28938C079BDC9AE35F = { isa = PBXFileReference; lastKnownFileType = sourcecode.swift; path = AppDelegate.swift; sourceTree = "<group>"; };
A39EF5AF6A1BEA9942DDDFF2 = { isa = PBXBuildFile; fileRef = 7508EF28938C079BDC9AE35F; };
E457C9755B03A10BEB5C9AFC = { isa = PBXFileReference; lastKnownFileType = sourcecode.swift; path = DeskViewController.swift; sourceTree = "<group>"; };
93BBB071A636F9178D409AE3 = { isa = PBXBuildFile; fileRef = E457C9755B03A10BEB5C9AFC; };
3E8F3FB6291ABC88BE962442 = { isa = PBXFileReference; lastKnownFileType = sourcecode.swift; path = LocalWebScheme.swift; sourceTree = "<group>"; };
933B417F0D19667630313B6D = { isa = PBXBuildFile; fileRef = 3E8F3FB6291ABC88BE962442; };
F504C8890B7CD16DA6E9D460 = { isa = PBXFileReference; lastKnownFileType = sourcecode.swift; path = NativeFiles.swift; sourceTree = "<group>"; };
7EC311ED45BB9ACE49A624D2 = { isa = PBXBuildFile; fileRef = F504C8890B7CD16DA6E9D460; };
3ECEDE8EE1989A552A3F5328 = { isa = PBXFileReference; lastKnownFileType = sourcecode.swift; path = WorkspaceStore.swift; sourceTree = "<group>"; };
3D76E6F7337E7C7C2D8615BE = { isa = PBXBuildFile; fileRef = 3ECEDE8EE1989A552A3F5328; };
DDB5FEFB086D556BE7F98DCF = { isa = PBXFileReference; lastKnownFileType = sourcecode.swift; path = PlatformTests.swift; sourceTree = "<group>"; };
C8F02A11390191A2E7952216 = { isa = PBXBuildFile; fileRef = DDB5FEFB086D556BE7F98DCF; };
123DC8FB319180E1BC981B29 = { isa = PBXFileReference; lastKnownFileType = sourcecode.swift; path = WorkspaceStoreTests.swift; sourceTree = "<group>"; };
6C2823412C9B096E87CBC5AF = { isa = PBXBuildFile; fileRef = 123DC8FB319180E1BC981B29; };
950DF449398609057A875AEE = { isa = PBXFileReference; lastKnownFileType = sourcecode.swift; path = ProductionDeskUITests.swift; sourceTree = "<group>"; };
658EC3B6E3A37236CFE6D39D = { isa = PBXBuildFile; fileRef = 950DF449398609057A875AEE; };
A8323A2A9B34AE7E0CBE8181 = { isa = PBXFileReference; lastKnownFileType = folder; path = Web; sourceTree = "<group>"; };
28AAD1477D5182D66D4B03B3 = { isa = PBXFileReference; lastKnownFileType = folder.assetcatalog; path = Assets.xcassets; sourceTree = "<group>"; };
7B594B6DB375E1BF3F23CDD6 = { isa = PBXFileReference; lastKnownFileType = text.plist.xml; path = Info.plist; sourceTree = "<group>"; };
6B54E17105CE16D6902A7B8E = { isa = PBXBuildFile; fileRef = A8323A2A9B34AE7E0CBE8181; };
993A6F0DC816349E9715E5C7 = { isa = PBXBuildFile; fileRef = 28AAD1477D5182D66D4B03B3; };
23C7B31EDCFCD3B1B2EFE037 = { isa = PBXFileReference; explicitFileType = wrapper.application; includeInIndex = 0; path = ProductionDesk.app; sourceTree = BUILT_PRODUCTS_DIR; };
041616B7E7085D3100835517 = { isa = PBXFileReference; explicitFileType = wrapper.cfbundle; includeInIndex = 0; path = ProductionDeskTests.xctest; sourceTree = BUILT_PRODUCTS_DIR; };
D78AA89E2FB151D2027C5E15 = { isa = PBXFileReference; explicitFileType = wrapper.cfbundle; includeInIndex = 0; path = ProductionDeskUITests.xctest; sourceTree = BUILT_PRODUCTS_DIR; };
DC76E9F0C0006E8F919E0C51 = { isa = PBXGroup; children = (3A2A88DEEFF3D1D23E496597, 8B7A6DECC0651D269EA794C7, 16678A1132D56F73C968CC5A, FBDC4F23F93125BBEEAE800C,); sourceTree = "<group>"; };
3A2A88DEEFF3D1D23E496597 = { isa = PBXGroup; children = (7508EF28938C079BDC9AE35F, E457C9755B03A10BEB5C9AFC, 3E8F3FB6291ABC88BE962442, F504C8890B7CD16DA6E9D460, 3ECEDE8EE1989A552A3F5328, A8323A2A9B34AE7E0CBE8181, 28AAD1477D5182D66D4B03B3, 7B594B6DB375E1BF3F23CDD6,); path = ProductionDesk; sourceTree = "<group>"; };
8B7A6DECC0651D269EA794C7 = { isa = PBXGroup; children = (AF622B35D9937A20CCADF1E3, DDB5FEFB086D556BE7F98DCF, 123DC8FB319180E1BC981B29,); path = ProductionDeskTests; sourceTree = "<group>"; };
16678A1132D56F73C968CC5A = { isa = PBXGroup; children = (950DF449398609057A875AEE,); path = ProductionDeskUITests; sourceTree = "<group>"; };
FBDC4F23F93125BBEEAE800C = { isa = PBXGroup; children = (23C7B31EDCFCD3B1B2EFE037, 041616B7E7085D3100835517, D78AA89E2FB151D2027C5E15,); name = Products; sourceTree = "<group>"; };
047769024EEA793802CE03CB = { isa = PBXSourcesBuildPhase; buildActionMask = 2147483647; files = (A39EF5AF6A1BEA9942DDDFF2, 93BBB071A636F9178D409AE3, 933B417F0D19667630313B6D, 7EC311ED45BB9ACE49A624D2, 3D76E6F7337E7C7C2D8615BE,); runOnlyForDeploymentPostprocessing = 0; };
9AA2B2974DDF335FBE8A255F = { isa = PBXFrameworksBuildPhase; buildActionMask = 2147483647; files = (); runOnlyForDeploymentPostprocessing = 0; };
D0497DDEBC0B296C21BF7B9B = { isa = PBXResourcesBuildPhase; buildActionMask = 2147483647; files = (6B54E17105CE16D6902A7B8E, 993A6F0DC816349E9715E5C7,); runOnlyForDeploymentPostprocessing = 0; };
A5189E238E7479E34B8FF617 = { isa = PBXNativeTarget; buildConfigurationList = 7F6BE75CB0F53A6EAEB4796D; buildPhases = (047769024EEA793802CE03CB, 9AA2B2974DDF335FBE8A255F, D0497DDEBC0B296C21BF7B9B,); buildRules = (); dependencies = (); name = ProductionDesk; productName = ProductionDesk; productReference = 23C7B31EDCFCD3B1B2EFE037; productType = "com.apple.product-type.application"; };
051B3ECB172224E135FAACA1 = { isa = PBXSourcesBuildPhase; buildActionMask = 2147483647; files = (4DE34CA1664FE1E9B3B03257, C8F02A11390191A2E7952216, 6C2823412C9B096E87CBC5AF,); runOnlyForDeploymentPostprocessing = 0; };
153C0FA50527B4352964271B = { isa = PBXFrameworksBuildPhase; buildActionMask = 2147483647; files = (); runOnlyForDeploymentPostprocessing = 0; };
2B521E3B9FC9E2FFBF5DF4F2 = { isa = PBXResourcesBuildPhase; buildActionMask = 2147483647; files = (); runOnlyForDeploymentPostprocessing = 0; };
8106B9A9383D5DEB43434059 = { isa = PBXContainerItemProxy; containerPortal = 98F54143AB4E86B28C3AFEE0; proxyType = 1; remoteGlobalIDString = A5189E238E7479E34B8FF617; remoteInfo = ProductionDesk; };
4C99FB42BAD61F283E030490 = { isa = PBXTargetDependency; target = A5189E238E7479E34B8FF617; targetProxy = 8106B9A9383D5DEB43434059; };
3BABB9187ACEB90D4F3F0006 = { isa = PBXNativeTarget; buildConfigurationList = 593579AC746822AA4B3A29A6; buildPhases = (051B3ECB172224E135FAACA1, 153C0FA50527B4352964271B, 2B521E3B9FC9E2FFBF5DF4F2,); buildRules = (); dependencies = (4C99FB42BAD61F283E030490,); name = ProductionDeskTests; productName = ProductionDeskTests; productReference = 041616B7E7085D3100835517; productType = "com.apple.product-type.bundle.unit-test"; };
293240F99D3038B73A863578 = { isa = PBXSourcesBuildPhase; buildActionMask = 2147483647; files = (658EC3B6E3A37236CFE6D39D,); runOnlyForDeploymentPostprocessing = 0; };
E03BE4A06A187B9BC2202304 = { isa = PBXFrameworksBuildPhase; buildActionMask = 2147483647; files = (); runOnlyForDeploymentPostprocessing = 0; };
2D72EA6FB6202CD9D7DDC600 = { isa = PBXResourcesBuildPhase; buildActionMask = 2147483647; files = (); runOnlyForDeploymentPostprocessing = 0; };
698273CACF029003D8188FB0 = { isa = PBXContainerItemProxy; containerPortal = 98F54143AB4E86B28C3AFEE0; proxyType = 1; remoteGlobalIDString = A5189E238E7479E34B8FF617; remoteInfo = ProductionDesk; };
9A83F5E48A2E7F506DE8F43D = { isa = PBXTargetDependency; target = A5189E238E7479E34B8FF617; targetProxy = 698273CACF029003D8188FB0; };
BCEBE864F1C40A21E74A1230 = { isa = PBXNativeTarget; buildConfigurationList = 153F2B2AB974B658B9B05524; buildPhases = (293240F99D3038B73A863578, E03BE4A06A187B9BC2202304, 2D72EA6FB6202CD9D7DDC600,); buildRules = (); dependencies = (9A83F5E48A2E7F506DE8F43D,); name = ProductionDeskUITests; productName = ProductionDeskUITests; productReference = D78AA89E2FB151D2027C5E15; productType = "com.apple.product-type.bundle.ui-testing"; };
89E1FD6268CC0F221A2BE178 = { isa = XCBuildConfiguration; buildSettings = { ALWAYS_SEARCH_USER_PATHS = NO; CLANG_ENABLE_MODULES = YES; CLANG_ENABLE_OBJC_ARC = YES; CLANG_WARN_DOCUMENTATION_COMMENTS = YES; ENABLE_STRICT_OBJC_MSGSEND = YES; GCC_C_LANGUAGE_STANDARD = gnu17; GCC_WARN_64_TO_32_BIT_CONVERSION = YES; GCC_WARN_UNUSED_FUNCTION = YES; GCC_WARN_UNUSED_VARIABLE = YES; IPHONEOS_DEPLOYMENT_TARGET = 17.0; SDKROOT = iphoneos; SWIFT_VERSION = 5.0; DEBUG_INFORMATION_FORMAT = dwarf; ENABLE_TESTABILITY = YES; GCC_OPTIMIZATION_LEVEL = 0; SWIFT_ACTIVE_COMPILATION_CONDITIONS = DEBUG; SWIFT_OPTIMIZATION_LEVEL = "-Onone"; }; name = Debug; };
E6DE6C99132752C914FEF632 = { isa = XCBuildConfiguration; buildSettings = { ALWAYS_SEARCH_USER_PATHS = NO; CLANG_ENABLE_MODULES = YES; CLANG_ENABLE_OBJC_ARC = YES; CLANG_WARN_DOCUMENTATION_COMMENTS = YES; ENABLE_STRICT_OBJC_MSGSEND = YES; GCC_C_LANGUAGE_STANDARD = gnu17; GCC_WARN_64_TO_32_BIT_CONVERSION = YES; GCC_WARN_UNUSED_FUNCTION = YES; GCC_WARN_UNUSED_VARIABLE = YES; IPHONEOS_DEPLOYMENT_TARGET = 17.0; SDKROOT = iphoneos; SWIFT_VERSION = 5.0; DEBUG_INFORMATION_FORMAT = "dwarf-with-dsym"; SWIFT_COMPILATION_MODE = wholemodule; SWIFT_OPTIMIZATION_LEVEL = "-O"; VALIDATE_PRODUCT = YES; }; name = Release; };
862894B703A6DEDF96A9DD6C = { isa = XCConfigurationList; buildConfigurations = (89E1FD6268CC0F221A2BE178, E6DE6C99132752C914FEF632,); defaultConfigurationIsVisible = 0; defaultConfigurationName = Release; };
813F57650D0B98A13867D737 = { isa = XCBuildConfiguration; buildSettings = { PRODUCT_NAME = "$(TARGET_NAME)"; TARGETED_DEVICE_FAMILY = "1,2"; SUPPORTED_PLATFORMS = "iphoneos iphonesimulator"; CODE_SIGN_STYLE = Automatic; SWIFT_EMIT_LOC_STRINGS = YES; PRODUCT_BUNDLE_IDENTIFIER = local.slate.filmscheduler; INFOPLIST_FILE = ProductionDesk/Info.plist; ASSETCATALOG_COMPILER_APPICON_NAME = AppIcon; GENERATE_INFOPLIST_FILE = NO; LD_RUNPATH_SEARCH_PATHS = "$(inherited) @executable_path/Frameworks"; }; name = Debug; };
AE04312002890A03DD75292C = { isa = XCBuildConfiguration; buildSettings = { PRODUCT_NAME = "$(TARGET_NAME)"; TARGETED_DEVICE_FAMILY = "1,2"; SUPPORTED_PLATFORMS = "iphoneos iphonesimulator"; CODE_SIGN_STYLE = Automatic; SWIFT_EMIT_LOC_STRINGS = YES; PRODUCT_BUNDLE_IDENTIFIER = local.slate.filmscheduler; INFOPLIST_FILE = ProductionDesk/Info.plist; ASSETCATALOG_COMPILER_APPICON_NAME = AppIcon; GENERATE_INFOPLIST_FILE = NO; LD_RUNPATH_SEARCH_PATHS = "$(inherited) @executable_path/Frameworks"; }; name = Release; };
7F6BE75CB0F53A6EAEB4796D = { isa = XCConfigurationList; buildConfigurations = (813F57650D0B98A13867D737, AE04312002890A03DD75292C,); defaultConfigurationIsVisible = 0; defaultConfigurationName = Release; };
76E8306D40C144332A9F2C33 = { isa = XCBuildConfiguration; buildSettings = { PRODUCT_NAME = "$(TARGET_NAME)"; TARGETED_DEVICE_FAMILY = "1,2"; SUPPORTED_PLATFORMS = "iphoneos iphonesimulator"; CODE_SIGN_STYLE = Automatic; SWIFT_EMIT_LOC_STRINGS = YES; PRODUCT_BUNDLE_IDENTIFIER = local.slate.filmscheduler.tests; GENERATE_INFOPLIST_FILE = YES; TEST_HOST = "$(BUILT_PRODUCTS_DIR)/ProductionDesk.app/$(BUNDLE_EXECUTABLE_FOLDER_PATH)/ProductionDesk"; BUNDLE_LOADER = "$(TEST_HOST)"; LD_RUNPATH_SEARCH_PATHS = "$(inherited) @executable_path/Frameworks @loader_path/Frameworks"; }; name = Debug; };
DF30CCB5CB16E55A5F20957F = { isa = XCBuildConfiguration; buildSettings = { PRODUCT_NAME = "$(TARGET_NAME)"; TARGETED_DEVICE_FAMILY = "1,2"; SUPPORTED_PLATFORMS = "iphoneos iphonesimulator"; CODE_SIGN_STYLE = Automatic; SWIFT_EMIT_LOC_STRINGS = YES; PRODUCT_BUNDLE_IDENTIFIER = local.slate.filmscheduler.tests; GENERATE_INFOPLIST_FILE = YES; TEST_HOST = "$(BUILT_PRODUCTS_DIR)/ProductionDesk.app/$(BUNDLE_EXECUTABLE_FOLDER_PATH)/ProductionDesk"; BUNDLE_LOADER = "$(TEST_HOST)"; LD_RUNPATH_SEARCH_PATHS = "$(inherited) @executable_path/Frameworks @loader_path/Frameworks"; }; name = Release; };
593579AC746822AA4B3A29A6 = { isa = XCConfigurationList; buildConfigurations = (76E8306D40C144332A9F2C33, DF30CCB5CB16E55A5F20957F,); defaultConfigurationIsVisible = 0; defaultConfigurationName = Release; };
F68EF00C6EB73BFCDA164859 = { isa = XCBuildConfiguration; buildSettings = { PRODUCT_NAME = "$(TARGET_NAME)"; TARGETED_DEVICE_FAMILY = "1,2"; SUPPORTED_PLATFORMS = "iphoneos iphonesimulator"; CODE_SIGN_STYLE = Automatic; SWIFT_EMIT_LOC_STRINGS = YES; PRODUCT_BUNDLE_IDENTIFIER = local.slate.filmscheduler.uitests; GENERATE_INFOPLIST_FILE = YES; TEST_TARGET_NAME = ProductionDesk; LD_RUNPATH_SEARCH_PATHS = "$(inherited) @executable_path/Frameworks @loader_path/Frameworks"; }; name = Debug; };
66A0636E7FF984EA6AE725AE = { isa = XCBuildConfiguration; buildSettings = { PRODUCT_NAME = "$(TARGET_NAME)"; TARGETED_DEVICE_FAMILY = "1,2"; SUPPORTED_PLATFORMS = "iphoneos iphonesimulator"; CODE_SIGN_STYLE = Automatic; SWIFT_EMIT_LOC_STRINGS = YES; PRODUCT_BUNDLE_IDENTIFIER = local.slate.filmscheduler.uitests; GENERATE_INFOPLIST_FILE = YES; TEST_TARGET_NAME = ProductionDesk; LD_RUNPATH_SEARCH_PATHS = "$(inherited) @executable_path/Frameworks @loader_path/Frameworks"; }; name = Release; };
153F2B2AB974B658B9B05524 = { isa = XCConfigurationList; buildConfigurations = (F68EF00C6EB73BFCDA164859, 66A0636E7FF984EA6AE725AE,); defaultConfigurationIsVisible = 0; defaultConfigurationName = Release; };
98F54143AB4E86B28C3AFEE0 = { isa = PBXProject; attributes = { BuildIndependentTargetsInParallel = YES; LastUpgradeCheck = 2700; TargetAttributes = { A5189E238E7479E34B8FF617 = { CreatedOnToolsVersion = 27.0; }; 3BABB9187ACEB90D4F3F0006 = { CreatedOnToolsVersion = 27.0; TestTargetID = A5189E238E7479E34B8FF617; }; BCEBE864F1C40A21E74A1230 = { CreatedOnToolsVersion = 27.0; TestTargetID = A5189E238E7479E34B8FF617; }; }; }; buildConfigurationList = 862894B703A6DEDF96A9DD6C; compatibilityVersion = "Xcode 14.0"; developmentRegion = en; hasScannedForEncodings = 0; knownRegions = (en, Base,); mainGroup = DC76E9F0C0006E8F919E0C51; productRefGroup = FBDC4F23F93125BBEEAE800C; projectDirPath = ""; projectRoot = ""; targets = (A5189E238E7479E34B8FF617, 3BABB9187ACEB90D4F3F0006, BCEBE864F1C40A21E74A1230,); };
}; rootObject = 98F54143AB4E86B28C3AFEE0; }
